
Microsoft Visual Studio Solution File, Format Version 12.00
# Visual Studio Version 16
VisualStudioVersion = 16.0.31321.278
MinimumVisualStudioVersion = 10.0.40219.1
Project("{8BC9CEB8-8B4A-11D0-8D11-00A0C91BC942}") = "ConsoleApplication1", "ConsoleApplication1\ConsoleApplication1.vcxproj", "{E0EB8B29-CD6E-44D6-90C0-B59F5A0044CB}"
EndProject
Global
	GlobalSection(SolutionConfigurationPlatforms) = preSolution
		Debug|x64 = Debug|x64
		Debug|x86 = Debug|x86
		Release|x64 = Release|x64
		Release|x86 = Release|x86
	EndGlobalSection
	GlobalSection(ProjectConfigurationPlatforms) = postSolution
		{E0EB8B29-CD6E-44D6-90C0-B59F5A0044CB}.Debug|x64.ActiveCfg = Debug|x64
		{E0EB8B29-CD6E-44D6-90C0-B59F5A0044CB}.Debug|x64.Build.0 = Debug|x64
		{E0EB8B29-CD6E-44D6-90C0-B59F5A0044CB}.Debug|x86.ActiveCfg = Debug|Win32
		{E0EB8B29-CD6E-44D6-90C0-B59F5A0044CB}.Debug|x86.Build.0 = Debug|Win32
		{E0EB8B29-CD6E-44D6-90C0-B59F5A0044CB}.Release|x64.ActiveCfg = Release|x64
		{E0EB8B29-CD6E-44D6-90C0-B59F5A0044CB}.Release|x64.Build.0 = Release|x64
		{E0EB8B29-CD6E-44D6-90C0-B59F5A0044CB}.Release|x86.ActiveCfg = Release|Win32
		{E0EB8B29-CD6E-44D6-90C0-B59F5A0044CB}.Release|x86.Build.0 = Release|Win32
	EndGlobalSection
	GlobalSection(SolutionProperties) = preSolution
		HideSolutionNode = FALSE
	EndGlobalSection
	GlobalSection(ExtensibilityGlobals) = postSolution
		SolutionGuid = {9C85CAF1-CA10-4F0E-8E52-C5E0AA57F046}
	EndGlobalSection
EndGlobal
